
Microsoft Visual Studio Solution File, Format Version 12.00
# Visual Studio 15
VisualStudioVersion = 15.0.27130.2036
MinimumVisualStudioVersion = 10.0.40219.1
Project("{FAE04EC0-301F-11D3-BF4B-00C04F79EFBC}") = "Tiles", "Tiles\Tiles.csproj", "{7E1CD33D-91D2-4E55-901D-9CC180BBD27E}"
EndProject
Project("{E53339B2-1760-4266-BCC7-CA923CBCF16C}") = "docker-compose", "docker-compose.dcproj", "{91AFD8E2-3891-4E6B-A8CF-0474B918455B}"
EndProject
Global
	GlobalSection(SolutionConfigurationPlatforms) = preSolution
		Debug|Any CPU = Debug|Any CPU
		Release|Any CPU = Release|Any CPU
	EndGlobalSection
	GlobalSection(ProjectConfigurationPlatforms) = postSolution
		{7E1CD33D-91D2-4E55-901D-9CC180BBD27E}.Debug|Any CPU.ActiveCfg = Debug|Any CPU
		{7E1CD33D-91D2-4E55-901D-9CC180BBD27E}.Debug|Any CPU.Build.0 = Debug|Any CPU
		{7E1CD33D-91D2-4E55-901D-9CC180BBD27E}.Release|Any CPU.ActiveCfg = Release|Any CPU
		{7E1CD33D-91D2-4E55-901D-9CC180BBD27E}.Release|Any CPU.Build.0 = Release|Any CPU
		{91AFD8E2-3891-4E6B-A8CF-0474B918455B}.Debug|Any CPU.ActiveCfg = Debug|Any CPU
		{91AFD8E2-3891-4E6B-A8CF-0474B918455B}.Debug|Any CPU.Build.0 = Debug|Any CPU
		{91AFD8E2-3891-4E6B-A8CF-0474B918455B}.Release|Any CPU.ActiveCfg = Release|Any CPU
		{91AFD8E2-3891-4E6B-A8CF-0474B918455B}.Release|Any CPU.Build.0 = Release|Any CPU
	EndGlobalSection
	GlobalSection(SolutionProperties) = preSolution
		HideSolutionNode = FALSE
	EndGlobalSection
	GlobalSection(ExtensibilityGlobals) = postSolution
		SolutionGuid = {33835858-BD4C-4ED0-BFE3-C0D58C3B28BD}
	EndGlobalSection
EndGlobal
